Microsoft Visual Studio Solution File, Format Version 12.00
# Visual Studio Version 17
VisualStudioVersion = 17.5.2.0
MinimumVisualStudioVersion = 10.0.40219.1
Project("{FAE04EC0-301F-11D3-BF4B-00C04F79EFBC}") = "Apstract", "Apstract.csproj", "{94BF2537-2B4D-78F3-ABF7-0BD05A96406C}"
EndProject
Global
	GlobalSection(SolutionConfigurationPlatforms) = preSolution
		Debug|Any CPU = Debug|Any CPU
		Release|Any CPU = Release|Any CPU
	EndGlobalSection
	GlobalSection(ProjectConfigurationPlatforms) = postSolution
		{94BF2537-2B4D-78F3-ABF7-0BD05A96406C}.Debug|Any CPU.ActiveCfg = Debug|Any CPU
		{94BF2537-2B4D-78F3-ABF7-0BD05A96406C}.Debug|Any CPU.Build.0 = Debug|Any CPU
		{94BF2537-2B4D-78F3-ABF7-0BD05A96406C}.Release|Any CPU.ActiveCfg = Release|Any CPU
		{94BF2537-2B4D-78F3-ABF7-0BD05A96406C}.Release|Any CPU.Build.0 = Release|Any CPU
	EndGlobalSection
	GlobalSection(SolutionProperties) = preSolution
		HideSolutionNode = FALSE
	EndGlobalSection
	GlobalSection(ExtensibilityGlobals) = postSolution
		SolutionGuid = {967FC6E2-32C1-465D-953F-3F853F6A6A04}
	EndGlobalSection
EndGlobal
