Microsoft Visual Studio Solution File, Format Version 12.00
# Visual Studio Version 17
VisualStudioVersion = 17.5.2.0
MinimumVisualStudioVersion = 10.0.40219.1
Project("{FAE04EC0-301F-11D3-BF4B-00C04F79EFBC}") = "dataTime", "dataTime.csproj", "{DC894B9C-F036-27D2-8C1D-3292975B0C3D}"
EndProject
Global
	GlobalSection(SolutionConfigurationPlatforms) = preSolution
		Debug|Any CPU = Debug|Any CPU
		Release|Any CPU = Release|Any CPU
	EndGlobalSection
	GlobalSection(ProjectConfigurationPlatforms) = postSolution
		{DC894B9C-F036-27D2-8C1D-3292975B0C3D}.Debug|Any CPU.ActiveCfg = Debug|Any CPU
		{DC894B9C-F036-27D2-8C1D-3292975B0C3D}.Debug|Any CPU.Build.0 = Debug|Any CPU
		{DC894B9C-F036-27D2-8C1D-3292975B0C3D}.Release|Any CPU.ActiveCfg = Release|Any CPU
		{DC894B9C-F036-27D2-8C1D-3292975B0C3D}.Release|Any CPU.Build.0 = Release|Any CPU
	EndGlobalSection
	GlobalSection(SolutionProperties) = preSolution
		HideSolutionNode = FALSE
	EndGlobalSection
	GlobalSection(ExtensibilityGlobals) = postSolution
		SolutionGuid = {7D8935E6-772D-4DF8-A9D5-BEBCE93C2C68}
	EndGlobalSection
EndGlobal
